{
  "name": "qtsummary",
  "version": "1.0.0",
  "lockfileVersion": 1,
  "requires": true,
  "dependencies": {
    "monaco-editor": {
      "version": "0.18.0",
      "resolved": "http://registry.npm.chengfayun.net/monaco-editor/download/monaco-editor-0.18.0.tgz",
      "integrity": "sha1-cgeeHaW3TrNWaFt1vaYR+qclEDY="
    }
  }
}
